
Microsoft Visual Studio Solution File, Format Version 12.00
# Visual Studio Version 16
VisualStudioVersion = 16.0.31424.327
MinimumVisualStudioVersion = 10.0.40219.1
Project("{9A19103F-16F7-4668-BE54-9A1E7A4F7556}") = "FgOnlinePortal.WebApi", "FgOnlinePortal.WebApi\FgOnlinePortal.WebApi.csproj", "{C2621308-81F8-4D56-B683-1BE7401D4C16}"
EndProject
Project("{9A19103F-16F7-4668-BE54-9A1E7A4F7556}") = "FgOnlinePortal.Core", "FgOnlinePortal.Core\FgOnlinePortal.Core.csproj", "{CDC90E3E-AFC5-4672-B02B-343F110CB4AD}"
EndProject
Project("{9A19103F-16F7-4668-BE54-9A1E7A4F7556}") = "FgOnlinePortal.DataLayer", "FgOnlinePortal.DataLayer\FgOnlinePortal.DataLayer.csproj", "{D24375B9-C72E-4701-BD46-FCC5943BDD33}"
EndProject
Global
	GlobalSection(SolutionConfigurationPlatforms) = preSolution
		Debug|Any CPU = Debug|Any CPU
		Release|Any CPU = Release|Any CPU
	EndGlobalSection
	GlobalSection(ProjectConfigurationPlatforms) = postSolution
		{C2621308-81F8-4D56-B683-1BE7401D4C16}.Debug|Any CPU.ActiveCfg = Debug|Any CPU
		{C2621308-81F8-4D56-B683-1BE7401D4C16}.Debug|Any CPU.Build.0 = Debug|Any CPU
		{C2621308-81F8-4D56-B683-1BE7401D4C16}.Release|Any CPU.ActiveCfg = Release|Any CPU
		{C2621308-81F8-4D56-B683-1BE7401D4C16}.Release|Any CPU.Build.0 = Release|Any CPU
		{CDC90E3E-AFC5-4672-B02B-343F110CB4AD}.Debug|Any CPU.ActiveCfg = Debug|Any CPU
		{CDC90E3E-AFC5-4672-B02B-343F110CB4AD}.Debug|Any CPU.Build.0 = Debug|Any CPU
		{CDC90E3E-AFC5-4672-B02B-343F110CB4AD}.Release|Any CPU.ActiveCfg = Release|Any CPU
		{CDC90E3E-AFC5-4672-B02B-343F110CB4AD}.Release|Any CPU.Build.0 = Release|Any CPU
		{D24375B9-C72E-4701-BD46-FCC5943BDD33}.Debug|Any CPU.ActiveCfg = Debug|Any CPU
		{D24375B9-C72E-4701-BD46-FCC5943BDD33}.Debug|Any CPU.Build.0 = Debug|Any CPU
		{D24375B9-C72E-4701-BD46-FCC5943BDD33}.Release|Any CPU.ActiveCfg = Release|Any CPU
		{D24375B9-C72E-4701-BD46-FCC5943BDD33}.Release|Any CPU.Build.0 = Release|Any CPU
	EndGlobalSection
	GlobalSection(SolutionProperties) = preSolution
		HideSolutionNode = FALSE
	EndGlobalSection
	GlobalSection(ExtensibilityGlobals) = postSolution
		SolutionGuid = {3636E802-0D4B-4EC0-8922-6E7D07059EB5}
	EndGlobalSection
EndGlobal
